
Microsoft Visual Studio Solution File, Format Version 12.00
# Visual Studio Version 16
VisualStudioVersion = 16.0.31702.278
MinimumVisualStudioVersion = 10.0.40219.1
Project("{FAE04EC0-301F-11D3-BF4B-00C04F79EFBC}") = "Weekly-11-15", "Weekly-11-15.csproj", "{B376A7E7-2819-4D8E-8A96-1FC7A2F2F643}"
EndProject
Global
	GlobalSection(SolutionConfigurationPlatforms) = preSolution
		Debug|Any CPU = Debug|Any CPU
		Release|Any CPU = Release|Any CPU
	EndGlobalSection
	GlobalSection(ProjectConfigurationPlatforms) = postSolution
		{B376A7E7-2819-4D8E-8A96-1FC7A2F2F643}.Debug|Any CPU.ActiveCfg = Debug|Any CPU
		{B376A7E7-2819-4D8E-8A96-1FC7A2F2F643}.Debug|Any CPU.Build.0 = Debug|Any CPU
		{B376A7E7-2819-4D8E-8A96-1FC7A2F2F643}.Release|Any CPU.ActiveCfg = Release|Any CPU
		{B376A7E7-2819-4D8E-8A96-1FC7A2F2F643}.Release|Any CPU.Build.0 = Release|Any CPU
	EndGlobalSection
	GlobalSection(SolutionProperties) = preSolution
		HideSolutionNode = FALSE
	EndGlobalSection
	GlobalSection(ExtensibilityGlobals) = postSolution
		SolutionGuid = {F132E168-B098-43B2-B91E-08E0DDD4A6BF}
	EndGlobalSection
EndGlobal
